<?xml version="1.0" encoding="utf-8"?>
<Project xmlns="http://schemas.microsoft.com/developer/msbuild/2003">
  <ItemGroup>
    <Filter Include="Generated Files">
      <UniqueIdentifier>{71ED8ED8-ACB9-4CE9-BBE1-E00B30144E11}</UniqueIdentifier>
      <Extensions>cpp;c;cxx;moc;h;def;odl;idl;res;</Extensions>
    </Filter>
    <Filter Include="Generated Files">
      <UniqueIdentifier>{71ED8ED8-ACB9-4CE9-BBE1-E00B30144E11}</UniqueIdentifier>
      <Extensions>cpp;c;cxx;moc;h;def;odl;idl;res;</Extensions>
    </Filter>
    <Filter Include="Header Files">
      <UniqueIdentifier>{93995380-89BD-4b04-88EB-625FBE52EBFB}</UniqueIdentifier>
      <Extensions>h;hpp;hxx;hm;inl;inc;xsd</Extensions>
    </Filter>
    <Filter Include="Header Files">
      <UniqueIdentifier>{93995380-89BD-4b04-88EB-625FBE52EBFB}</UniqueIdentifier>
      <Extensions>h;hpp;hxx;hm;inl;inc;xsd</Extensions>
    </Filter>
    <Filter Include="Source Files">
      <UniqueIdentifier>{4FC737F1-C7A5-4376-A066-2A32D752A2FF}</UniqueIdentifier>
      <Extensions>cpp;c;cxx;def;odl;idl;hpj;bat;asm;asmx</Extensions>
    </Filter>
    <Filter Include="Source Files">
      <UniqueIdentifier>{4FC737F1-C7A5-4376-A066-2A32D752A2FF}</UniqueIdentifier>
      <Extensions>cpp;c;cxx;def;odl;idl;hpj;bat;asm;asmx</Extensions>
    </Filter>
  </ItemGroup>
  <ItemGroup>
    <ClCompile Include="UnitsAndBuildings\UnitsAndBuildings\Buildings\AirTurret.cpp">
      <Filter>Source Files</Filter>
    </ClCompile>
    <ClCompile Include="UnitsAndBuildings\UnitsAndBuildings\Buildings\Airport.cpp">
      <Filter>Source Files</Filter>
    </ClCompile>
    <ClCompile Include="UnitsAndBuildings\UnitsAndBuildings\Buildings\Armory.cpp">
      <Filter>Source Files</Filter>
    </ClCompile>
    <ClCompile Include="UnitsAndBuildings\UnitsAndBuildings\Buildings\Barrack.cpp">
      <Filter>Source Files</Filter>
    </ClCompile>
    <ClCompile Include="UnitsAndBuildings\UnitsAndBuildings\Buildings\Barricade.cpp">
      <Filter>Source Files</Filter>
    </ClCompile>
    <ClCompile Include="UnitsAndBuildings\UnitsAndBuildings\Units\BattleUnit.cpp">
      <Filter>Source Files</Filter>
    </ClCompile>
    <ClCompile Include="UnitsAndBuildings\UnitsAndBuildings\Buildings\Building.cpp">
      <Filter>Source Files</Filter>
    </ClCompile>
    <ClCompile Include="UnitsAndBuildings\UnitsAndBuildings\Buildings\Bunker.cpp">
      <Filter>Source Files</Filter>
    </ClCompile>
    <ClCompile Include="UnitsAndBuildings\UnitsAndBuildings\Researches\ChargedWeapon.cpp">
      <Filter>Source Files</Filter>
    </ClCompile>
    <ClCompile Include="UnitsAndBuildings\UnitsAndBuildings\Units\CleaningInfantry.cpp">
      <Filter>Source Files</Filter>
    </ClCompile>
    <ClCompile Include="CommunicationProtocols\TCP\Client.cpp">
      <Filter>Source Files</Filter>
    </ClCompile>
    <ClCompile Include="UnitsAndBuildings\UnitsAndBuildings\Buildings\CyberFactory.cpp">
      <Filter>Source Files</Filter>
    </ClCompile>
    <ClCompile Include="UnitsAndBuildings\UnitsAndBuildings\Researches\CyberSuspension.cpp">
      <Filter>Source Files</Filter>
    </ClCompile>
    <ClCompile Include="UnitsAndBuildings\UnitsAndBuildings\Buildings\DefenseBuilding.cpp">
      <Filter>Source Files</Filter>
    </ClCompile>
    <ClCompile Include="UnitsAndBuildings\UnitsAndBuildings\Buildings\DrillingMachine.cpp">
      <Filter>Source Files</Filter>
    </ClCompile>
    <ClCompile Include="CommunicationProtocols\Errors.cpp">
      <Filter>Source Files</Filter>
    </ClCompile>
    <ClCompile Include="UnitsAndBuildings\UnitsAndBuildings\Buildings\Factory.cpp">
      <Filter>Source Files</Filter>
    </ClCompile>
    <ClCompile Include="UnitsAndBuildings\UnitsAndBuildings\Buildings\Gate.cpp">
      <Filter>Source Files</Filter>
    </ClCompile>
    <ClCompile Include="UnitsAndBuildings\UnitsAndBuildings\Buildings\GroundTurret.cpp">
      <Filter>Source Files</Filter>
    </ClCompile>
    <ClCompile Include="UnitsAndBuildings\UnitsAndBuildings\Units\Harvester.cpp">
      <Filter>Source Files</Filter>
    </ClCompile>
    <ClCompile Include="UnitsAndBuildings\UnitsAndBuildings\Buildings\Headquarter.cpp">
      <Filter>Source Files</Filter>
    </ClCompile>
    <ClCompile Include="UnitsAndBuildings\UnitsAndBuildings\Researches\HealthImprovement.cpp">
      <Filter>Source Files</Filter>
    </ClCompile>
    <ClCompile Include="UnitsAndBuildings\UnitsAndBuildings\Units\HeavyAviation.cpp">
      <Filter>Source Files</Filter>
    </ClCompile>
    <ClCompile Include="UnitsAndBuildings\UnitsAndBuildings\Units\HeavyInfantry.cpp">
      <Filter>Source Files</Filter>
    </ClCompile>
    <ClCompile Include="UnitsAndBuildings\UnitsAndBuildings\Units\HeavyVehicle.cpp">
      <Filter>Source Files</Filter>
    </ClCompile>
    <ClCompile Include="UnitsAndBuildings\UnitsAndBuildings\Buildings\Laboratory.cpp">
      <Filter>Source Files</Filter>
    </ClCompile>
    <ClCompile Include="UnitsAndBuildings\UnitsAndBuildings\Units\LightAviation.cpp">
      <Filter>Source Files</Filter>
    </ClCompile>
    <ClCompile Include="UnitsAndBuildings\UnitsAndBuildings\Units\LightInfantry.cpp">
      <Filter>Source Files</Filter>
    </ClCompile>
    <ClCompile Include="UnitsAndBuildings\UnitsAndBuildings\Units\LightVehicle.cpp">
      <Filter>Source Files</Filter>
    </ClCompile>
    <ClCompile Include="UnitsAndBuildings\UnitsAndBuildings\Units\Medic.cpp">
      <Filter>Source Files</Filter>
    </ClCompile>
    <ClCompile Include="CommunicationProtocols\Messages.cpp">
      <Filter>Source Files</Filter>
    </ClCompile>
    <ClCompile Include="UnitsAndBuildings\UnitsAndBuildings\Buildings\ProductionBuilding.cpp">
      <Filter>Source Files</Filter>
    </ClCompile>
    <ClCompile Include="UnitsAndBuildings\UnitsAndBuildings\Buildings\ProtectionBuilding.cpp">
      <Filter>Source Files</Filter>
    </ClCompile>
    <ClCompile Include="UnitsAndBuildings\UnitsAndBuildings\Buildings\Refueling.cpp">
      <Filter>Source Files</Filter>
    </ClCompile>
    <ClCompile Include="UnitsAndBuildings\UnitsAndBuildings\Researches\Research.cpp">
      <Filter>Source Files</Filter>
    </ClCompile>
    <ClCompile Include="UnitsAndBuildings\UnitsAndBuildings\Buildings\ResearchBuilding.cpp">
      <Filter>Source Files</Filter>
    </ClCompile>
    <ClCompile Include="UnitsAndBuildings\UnitsAndBuildings\Buildings\SecondaryHeadquarter.cpp">
      <Filter>Source Files</Filter>
    </ClCompile>
    <ClCompile Include="CommunicationProtocols\TCP\Server.cpp">
      <Filter>Source Files</Filter>
    </ClCompile>
    <ClCompile Include="ServerSide\Serverside.cpp">
      <Filter>Source Files</Filter>
    </ClCompile>
    <ClCompile Include="CommunicationProtocols\Sockets.cpp">
      <Filter>Source Files</Filter>
    </ClCompile>
    <ClCompile Include="UnitsAndBuildings\UnitsAndBuildings\Researches\StimPistol.cpp">
      <Filter>Source Files</Filter>
    </ClCompile>
    <ClCompile Include="UnitsAndBuildings\UnitsAndBuildings\Buildings\TrainingBuilding.cpp">
      <Filter>Source Files</Filter>
    </ClCompile>
    <ClCompile Include="UnitsAndBuildings\UnitsAndBuildings\Buildings\TrainingNResearchBuilding.cpp">
      <Filter>Source Files</Filter>
    </ClCompile>
    <ClCompile Include="UnitsAndBuildings\UnitsAndBuildings\Researches\TungstenAmmunition.cpp">
      <Filter>Source Files</Filter>
    </ClCompile>
    <ClCompile Include="UnitsAndBuildings\UnitsAndBuildings\Buildings\UltimateWeapon.cpp">
      <Filter>Source Files</Filter>
    </ClCompile>
    <ClCompile Include="UnitsAndBuildings\UnitsAndBuildings\Units\Unit.cpp">
      <Filter>Source Files</Filter>
    </ClCompile>
    <ClCompile Include="UnitsAndBuildings\UnitsAndBuildings\Buildings\Wall.cpp">
      <Filter>Source Files</Filter>
    </ClCompile>
    <ClCompile Include="Game\game.cpp">
      <Filter>Source Files</Filter>
    </ClCompile>
    <ClCompile Include="ServerSide\handler.cpp">
      <Filter>Source Files</Filter>
    </ClCompile>
    <ClCompile Include="ServerSide\main.cpp">
      <Filter>Source Files</Filter>
    </ClCompile>
  </ItemGroup>
  <ItemGroup>
    <ClInclude Include="UnitsAndBuildings\UnitsAndBuildings\Buildings\AirTurret.h">
      <Filter>Header Files</Filter>
    </ClInclude>
    <ClInclude Include="UnitsAndBuildings\UnitsAndBuildings\Buildings\Airport.h">
      <Filter>Header Files</Filter>
    </ClInclude>
    <ClInclude Include="UnitsAndBuildings\UnitsAndBuildings\Buildings\Armory.h">
      <Filter>Header Files</Filter>
    </ClInclude>
    <ClInclude Include="UnitsAndBuildings\UnitsAndBuildings\Buildings\Barrack.h">
      <Filter>Header Files</Filter>
    </ClInclude>
    <ClInclude Include="UnitsAndBuildings\UnitsAndBuildings\Buildings\Barricade.h">
      <Filter>Header Files</Filter>
    </ClInclude>
    <ClInclude Include="UnitsAndBuildings\UnitsAndBuildings\Units\BattleUnit.h">
      <Filter>Header Files</Filter>
    </ClInclude>
    <ClInclude Include="UnitsAndBuildings\UnitsAndBuildings\Buildings\Building.h">
      <Filter>Header Files</Filter>
    </ClInclude>
    <ClInclude Include="UnitsAndBuildings\UnitsAndBuildings\Buildings\Bunker.h">
      <Filter>Header Files</Filter>
    </ClInclude>
    <ClInclude Include="UnitsAndBuildings\UnitsAndBuildings\Researches\ChargedWeapon.h">
      <Filter>Header Files</Filter>
    </ClInclude>
    <ClInclude Include="UnitsAndBuildings\UnitsAndBuildings\Units\CleaningInfantry.h">
      <Filter>Header Files</Filter>
    </ClInclude>
    <ClInclude Include="CommunicationProtocols\TCP\Client.hpp">
      <Filter>Header Files</Filter>
    </ClInclude>
    <ClInclude Include="UnitsAndBuildings\UnitsAndBuildings\Buildings\CyberFactory.h">
      <Filter>Header Files</Filter>
    </ClInclude>
    <ClInclude Include="UnitsAndBuildings\UnitsAndBuildings\Researches\CyberSuspension.h">
      <Filter>Header Files</Filter>
    </ClInclude>
    <ClInclude Include="UnitsAndBuildings\UnitsAndBuildings\Buildings\DefenseBuilding.h">
      <Filter>Header Files</Filter>
    </ClInclude>
    <ClInclude Include="UnitsAndBuildings\UnitsAndBuildings\Buildings\DrillingMachine.h">
      <Filter>Header Files</Filter>
    </ClInclude>
    <ClInclude Include="Game\Enums.hpp">
      <Filter>Header Files</Filter>
    </ClInclude>
    <ClInclude Include="CommunicationProtocols\Errors.hpp">
      <Filter>Header Files</Filter>
    </ClInclude>
    <ClInclude Include="UnitsAndBuildings\UnitsAndBuildings\Buildings\Factory.h">
      <Filter>Header Files</Filter>
    </ClInclude>
    <ClInclude Include="Game\Game.hpp">
      <Filter>Header Files</Filter>
    </ClInclude>
    <ClInclude Include="UnitsAndBuildings\UnitsAndBuildings\Buildings\Gate.h">
      <Filter>Header Files</Filter>
    </ClInclude>
    <ClInclude Include="UnitsAndBuildings\UnitsAndBuildings\Buildings\GroundTurret.h">
      <Filter>Header Files</Filter>
    </ClInclude>
    <ClInclude Include="UnitsAndBuildings\UnitsAndBuildings\Units\Harvester.h">
      <Filter>Header Files</Filter>
    </ClInclude>
    <ClInclude Include="UnitsAndBuildings\UnitsAndBuildings\Buildings\Headquarter.h">
      <Filter>Header Files</Filter>
    </ClInclude>
    <ClInclude Include="UnitsAndBuildings\UnitsAndBuildings\Researches\HealthImprovement.h">
      <Filter>Header Files</Filter>
    </ClInclude>
    <ClInclude Include="UnitsAndBuildings\UnitsAndBuildings\Units\HeavyAviation.h">
      <Filter>Header Files</Filter>
    </ClInclude>
    <ClInclude Include="UnitsAndBuildings\UnitsAndBuildings\Units\HeavyInfantry.h">
      <Filter>Header Files</Filter>
    </ClInclude>
    <ClInclude Include="UnitsAndBuildings\UnitsAndBuildings\Units\HeavyVehicle.h">
      <Filter>Header Files</Filter>
    </ClInclude>
    <ClInclude Include="UnitsAndBuildings\UnitsAndBuildings\Buildings\Laboratory.h">
      <Filter>Header Files</Filter>
    </ClInclude>
    <ClInclude Include="UnitsAndBuildings\UnitsAndBuildings\Units\LightAviation.h">
      <Filter>Header Files</Filter>
    </ClInclude>
    <ClInclude Include="UnitsAndBuildings\UnitsAndBuildings\Units\LightInfantry.h">
      <Filter>Header Files</Filter>
    </ClInclude>
    <ClInclude Include="UnitsAndBuildings\UnitsAndBuildings\Units\LightVehicle.h">
      <Filter>Header Files</Filter>
    </ClInclude>
    <ClInclude Include="UnitsAndBuildings\UnitsAndBuildings\Units\Medic.h">
      <Filter>Header Files</Filter>
    </ClInclude>
    <ClInclude Include="CommunicationProtocols\Messages.hpp">
      <Filter>Header Files</Filter>
    </ClInclude>
    <ClInclude Include="UnitsAndBuildings\UnitsAndBuildings\Buildings\ProductionBuilding.h">
      <Filter>Header Files</Filter>
    </ClInclude>
    <ClInclude Include="UnitsAndBuildings\UnitsAndBuildings\Buildings\ProtectionBuilding.h">
      <Filter>Header Files</Filter>
    </ClInclude>
    <ClInclude Include="UnitsAndBuildings\UnitsAndBuildings\Buildings\Refueling.h">
      <Filter>Header Files</Filter>
    </ClInclude>
    <ClInclude Include="UnitsAndBuildings\UnitsAndBuildings\Researches\Research.h">
      <Filter>Header Files</Filter>
    </ClInclude>
    <ClInclude Include="UnitsAndBuildings\UnitsAndBuildings\Buildings\ResearchBuilding.h">
      <Filter>Header Files</Filter>
    </ClInclude>
    <ClInclude Include="UnitsAndBuildings\UnitsAndBuildings\Buildings\SecondaryHeadquarter.h">
      <Filter>Header Files</Filter>
    </ClInclude>
    <ClInclude Include="CommunicationProtocols\TCP\Server.hpp">
      <Filter>Header Files</Filter>
    </ClInclude>
    <ClInclude Include="ServerSide\Serverside.h">
      <Filter>Header Files</Filter>
    </ClInclude>
    <ClInclude Include="CommunicationProtocols\Sockets.hpp">
      <Filter>Header Files</Filter>
    </ClInclude>
    <ClInclude Include="UnitsAndBuildings\UnitsAndBuildings\Researches\StimPistol.h">
      <Filter>Header Files</Filter>
    </ClInclude>
    <ClInclude Include="UnitsAndBuildings\UnitsAndBuildings\Buildings\TrainingBuilding.h">
      <Filter>Header Files</Filter>
    </ClInclude>
    <ClInclude Include="UnitsAndBuildings\UnitsAndBuildings\Buildings\TrainingNResearchBuilding.h">
      <Filter>Header Files</Filter>
    </ClInclude>
    <ClInclude Include="UnitsAndBuildings\UnitsAndBuildings\Researches\TungstenAmmunition.h">
      <Filter>Header Files</Filter>
    </ClInclude>
    <ClInclude Include="UnitsAndBuildings\UnitsAndBuildings\Buildings\UltimateWeapon.h">
      <Filter>Header Files</Filter>
    </ClInclude>
    <ClInclude Include="UnitsAndBuildings\UnitsAndBuildings\Units\Unit.h">
      <Filter>Header Files</Filter>
    </ClInclude>
    <ClInclude Include="CommunicationProtocols\Utils.hpp">
      <Filter>Header Files</Filter>
    </ClInclude>
    <ClInclude Include="UnitsAndBuildings\UnitsAndBuildings\Buildings\Wall.h">
      <Filter>Header Files</Filter>
    </ClInclude>
    <ClInclude Include="CommunicationProtocols\commsock.h">
      <Filter>Header Files</Filter>
    </ClInclude>
    <ClInclude Include="ServerSide\handler.h">
      <Filter>Header Files</Filter>
    </ClInclude>
  </ItemGroup>
  <ItemGroup>
    <CustomBuild Include="debug\moc_predefs.h.cbt">
      <Filter>Generated Files</Filter>
    </CustomBuild>
    <CustomBuild Include="release\moc_predefs.h.cbt">
      <Filter>Generated Files</Filter>
    </CustomBuild>
  </ItemGroup>
</Project>