<?xml version="1.0" encoding="utf-8"?>
<Project ToolsVersion="4.0" xmlns="http://schemas.microsoft.com/developer/msbuild/2003">
  <ItemGroup>
    <Filter Include="Fichiers de ressources">
      <UniqueIdentifier>{67DA6AB6-F800-4c08-8B7A-83BB121AAD01}</UniqueIdentifier>
      <Extensions>rc;ico;cur;bmp;dlg;rc2;rct;bin;rgs;gif;jpg;jpeg;jpe;resx;tiff;tif;png;wav;mfcribbon-ms</Extensions>
    </Filter>
    <Filter Include="Fichiers de ressources\Game">
      <UniqueIdentifier>{5ea75ed8-7fc5-43c4-a239-2f526bdc0c85}</UniqueIdentifier>
    </Filter>
    <Filter Include="Fichiers de ressources\CommunicationProtocol">
      <UniqueIdentifier>{ea94273d-5c10-4525-ae3b-5ac91f5375ed}</UniqueIdentifier>
    </Filter>
    <Filter Include="Fichiers de ressources\CommunicationProtocol\TCP">
      <UniqueIdentifier>{c9d6c8ce-322a-4ee6-bd67-a2a748677a74}</UniqueIdentifier>
    </Filter>
  </ItemGroup>
  <ItemGroup>
    <ClCompile Include="ServerSide.cpp">
      <Filter>Fichiers de ressources</Filter>
    </ClCompile>
    <ClCompile Include="..\..\..\CommunicationProtocols\Errors.cpp">
      <Filter>Fichiers de ressources\CommunicationProtocol</Filter>
    </ClCompile>
    <ClCompile Include="..\..\..\CommunicationProtocols\Messages.cpp">
      <Filter>Fichiers de ressources\CommunicationProtocol</Filter>
    </ClCompile>
    <ClCompile Include="..\..\..\CommunicationProtocols\Sockets.cpp">
      <Filter>Fichiers de ressources\CommunicationProtocol</Filter>
    </ClCompile>
    <ClCompile Include="..\..\..\CommunicationProtocols\TCP\Client.cpp">
      <Filter>Fichiers de ressources\CommunicationProtocol\TCP</Filter>
    </ClCompile>
    <ClCompile Include="..\..\..\CommunicationProtocols\TCP\Server.cpp">
      <Filter>Fichiers de ressources\CommunicationProtocol\TCP</Filter>
    </ClCompile>
  </ItemGroup>
  <ItemGroup>
    <ClInclude Include="..\..\Game\Game.hpp">
      <Filter>Fichiers de ressources\Game</Filter>
    </ClInclude>
    <ClInclude Include="..\..\..\CommunicationProtocols\Errors.hpp">
      <Filter>Fichiers de ressources\CommunicationProtocol</Filter>
    </ClInclude>
    <ClInclude Include="..\..\..\CommunicationProtocols\Messages.hpp">
      <Filter>Fichiers de ressources\CommunicationProtocol</Filter>
    </ClInclude>
    <ClInclude Include="..\..\..\CommunicationProtocols\Sockets.hpp">
      <Filter>Fichiers de ressources\CommunicationProtocol</Filter>
    </ClInclude>
    <ClInclude Include="..\..\..\CommunicationProtocols\Utils.hpp">
      <Filter>Fichiers de ressources\CommunicationProtocol</Filter>
    </ClInclude>
    <ClInclude Include="..\..\..\CommunicationProtocols\TCP\Client.hpp">
      <Filter>Fichiers de ressources\CommunicationProtocol\TCP</Filter>
    </ClInclude>
    <ClInclude Include="..\..\..\CommunicationProtocols\TCP\Server.hpp">
      <Filter>Fichiers de ressources\CommunicationProtocol\TCP</Filter>
    </ClInclude>
    <ClInclude Include="..\..\Game\Enums.hpp">
      <Filter>Fichiers de ressources\Game</Filter>
    </ClInclude>
  </ItemGroup>
</Project>